
Microsoft Visual Studio Solution File, Format Version 12.00
# Visual Studio Version 17
VisualStudioVersion = 17.10.34928.147
MinimumVisualStudioVersion = 10.0.40219.1
Project("{FAE04EC0-301F-11D3-BF4B-00C04F79EFBC}") = "Entities", "Entities\Entities.csproj", "{3634444F-B0A7-4C54-92F6-79AF1A46E880}"
EndProject
Project("{FAE04EC0-301F-11D3-BF4B-00C04F79EFBC}") = "DataAccess", "DataAccess\DataAccess.csproj", "{3A75D783-4D63-4D60-93CB-DF654D9CAAE8}"
EndProject
Project("{FAE04EC0-301F-11D3-BF4B-00C04F79EFBC}") = "Business", "Business\Business.csproj", "{C4EF958B-ABF4-4DE4-9986-347DBB38FDDE}"
EndProject
Project("{FAE04EC0-301F-11D3-BF4B-00C04F79EFBC}") = "Core", "Core\Core.csproj", "{D82004D6-8388-4BE6-92A2-6DAC1BCE29DA}"
EndProject
Project("{F2A71F9B-5D33-465A-A702-920D77279786}") = "WebAPI", "WebAPI\WebAPI.fsproj", "{3DB35FFA-3487-47A9-9C4E-600830FA1EB0}"
EndProject
Global
	GlobalSection(SolutionConfigurationPlatforms) = preSolution
		Debug|Any CPU = Debug|Any CPU
		Release|Any CPU = Release|Any CPU
	EndGlobalSection
	GlobalSection(ProjectConfigurationPlatforms) = postSolution
		{3634444F-B0A7-4C54-92F6-79AF1A46E880}.Debug|Any CPU.ActiveCfg = Debug|Any CPU
		{3634444F-B0A7-4C54-92F6-79AF1A46E880}.Debug|Any CPU.Build.0 = Debug|Any CPU
		{3634444F-B0A7-4C54-92F6-79AF1A46E880}.Release|Any CPU.ActiveCfg = Release|Any CPU
		{3634444F-B0A7-4C54-92F6-79AF1A46E880}.Release|Any CPU.Build.0 = Release|Any CPU
		{3A75D783-4D63-4D60-93CB-DF654D9CAAE8}.Debug|Any CPU.ActiveCfg = Debug|Any CPU
		{3A75D783-4D63-4D60-93CB-DF654D9CAAE8}.Debug|Any CPU.Build.0 = Debug|Any CPU
		{3A75D783-4D63-4D60-93CB-DF654D9CAAE8}.Release|Any CPU.ActiveCfg = Release|Any CPU
		{3A75D783-4D63-4D60-93CB-DF654D9CAAE8}.Release|Any CPU.Build.0 = Release|Any CPU
		{C4EF958B-ABF4-4DE4-9986-347DBB38FDDE}.Debug|Any CPU.ActiveCfg = Debug|Any CPU
		{C4EF958B-ABF4-4DE4-9986-347DBB38FDDE}.Debug|Any CPU.Build.0 = Debug|Any CPU
		{C4EF958B-ABF4-4DE4-9986-347DBB38FDDE}.Release|Any CPU.ActiveCfg = Release|Any CPU
		{C4EF958B-ABF4-4DE4-9986-347DBB38FDDE}.Release|Any CPU.Build.0 = Release|Any CPU
		{D82004D6-8388-4BE6-92A2-6DAC1BCE29DA}.Debug|Any CPU.ActiveCfg = Debug|Any CPU
		{D82004D6-8388-4BE6-92A2-6DAC1BCE29DA}.Debug|Any CPU.Build.0 = Debug|Any CPU
		{D82004D6-8388-4BE6-92A2-6DAC1BCE29DA}.Release|Any CPU.ActiveCfg = Release|Any CPU
		{D82004D6-8388-4BE6-92A2-6DAC1BCE29DA}.Release|Any CPU.Build.0 = Release|Any CPU
		{3DB35FFA-3487-47A9-9C4E-600830FA1EB0}.Debug|Any CPU.ActiveCfg = Debug|Any CPU
		{3DB35FFA-3487-47A9-9C4E-600830FA1EB0}.Debug|Any CPU.Build.0 = Debug|Any CPU
		{3DB35FFA-3487-47A9-9C4E-600830FA1EB0}.Release|Any CPU.ActiveCfg = Release|Any CPU
		{3DB35FFA-3487-47A9-9C4E-600830FA1EB0}.Release|Any CPU.Build.0 = Release|Any CPU
	EndGlobalSection
	GlobalSection(SolutionProperties) = preSolution
		HideSolutionNode = FALSE
	EndGlobalSection
	GlobalSection(ExtensibilityGlobals) = postSolution
		SolutionGuid = {18AA43C4-0465-4869-84B9-7099F8563584}
	EndGlobalSection
EndGlobal
